
Microsoft Visual Studio Solution File, Format Version 12.00
# Visual Studio 2013
VisualStudioVersion = 12.0.31101.0
MinimumVisualStudioVersion = 10.0.40219.1
Project("{2150E333-8FDC-42A3-9474-1A3956D46DE8}") = "Data", "Data", "{718DB0AD-77B7-4174-942E-B6C31A456104}"
EndProject
Project("{2150E333-8FDC-42A3-9474-1A3956D46DE8}") = "Domain", "Domain", "{749CFCB1-C8C7-42FE-8938-01EEB40C75BC}"
EndProject
Project("{2150E333-8FDC-42A3-9474-1A3956D46DE8}") = "Tests", "Tests", "{B65A88A3-9943-4E6E-8C26-8BAA71C11D2C}"
EndProject
Project("{2150E333-8FDC-42A3-9474-1A3956D46DE8}") = "Web", "Web", "{8F8B6FD0-C2D0-4EA7-A5B2-CB589F501C7A}"
EndProject
Project("{FAE04EC0-301F-11D3-BF4B-00C04F79EFBC}") = "TODO.Data", "TODO.Data\TODO.Data.csproj", "{3D88D3A1-3F9C-4F20-A7A8-962B1D77DAD2}"
EndProject
Project("{FAE04EC0-301F-11D3-BF4B-00C04F79EFBC}") = "TODO.Domain.Core", "TODO.Domain.Core\TODO.Domain.Core.csproj", "{B7A889A2-9985-4F44-9FE6-8406D3ECD61D}"
EndProject
Project("{FAE04EC0-301F-11D3-BF4B-00C04F79EFBC}") = "TODO.Domain.Services", "TODO.Domain.Services\TODO.Domain.Services.csproj", "{08112536-A5FF-4E69-91AF-8D9E9656D72D}"
EndProject
Project("{FAE04EC0-301F-11D3-BF4B-00C04F79EFBC}") = "TODO.Domain.Services.Tests", "TODO.Domain.Services.Tests\TODO.Domain.Services.Tests.csproj", "{0AC71B26-12A5-49D1-8BFC-3180DD4C8E61}"
EndProject
Project("{FAE04EC0-301F-11D3-BF4B-00C04F79EFBC}") = "TODO.WebApi.Tests", "TODO.WebApi.Tests\TODO.WebApi.Tests.csproj", "{961BBE8D-01F2-4AD7-9FAC-5A8AD1F11EAB}"
EndProject
Project("{FAE04EC0-301F-11D3-BF4B-00C04F79EFBC}") = "TODO.Web", "TODO.Web\TODO.Web.csproj", "{954922C0-1D78-414B-8CA6-EA31F57CBE03}"
EndProject
Project("{FAE04EC0-301F-11D3-BF4B-00C04F79EFBC}") = "TODO.WebApi", "TODO.WebApi\TODO.WebApi.csproj", "{2B0BA525-1BF3-416A-9C2F-B2578179ECEC}"
EndProject
Project("{2150E333-8FDC-42A3-9474-1A3956D46DE8}") = ".nuget", ".nuget", "{6860F105-55F9-4DFB-9FA0-D6179B526C42}"
	ProjectSection(SolutionItems) = preProject
		.nuget\NuGet.Config = .nuget\NuGet.Config
		.nuget\NuGet.exe = .nuget\NuGet.exe
		.nuget\NuGet.targets = .nuget\NuGet.targets
	EndProjectSection
EndProject
Global
	GlobalSection(SolutionConfigurationPlatforms) = preSolution
		Debug|Any CPU = Debug|Any CPU
		Release|Any CPU = Release|Any CPU
	EndGlobalSection
	GlobalSection(ProjectConfigurationPlatforms) = postSolution
		{3D88D3A1-3F9C-4F20-A7A8-962B1D77DAD2}.Debug|Any CPU.ActiveCfg = Debug|Any CPU
		{3D88D3A1-3F9C-4F20-A7A8-962B1D77DAD2}.Debug|Any CPU.Build.0 = Debug|Any CPU
		{3D88D3A1-3F9C-4F20-A7A8-962B1D77DAD2}.Release|Any CPU.ActiveCfg = Release|Any CPU
		{3D88D3A1-3F9C-4F20-A7A8-962B1D77DAD2}.Release|Any CPU.Build.0 = Release|Any CPU
		{B7A889A2-9985-4F44-9FE6-8406D3ECD61D}.Debug|Any CPU.ActiveCfg = Debug|Any CPU
		{B7A889A2-9985-4F44-9FE6-8406D3ECD61D}.Debug|Any CPU.Build.0 = Debug|Any CPU
		{B7A889A2-9985-4F44-9FE6-8406D3ECD61D}.Release|Any CPU.ActiveCfg = Release|Any CPU
		{B7A889A2-9985-4F44-9FE6-8406D3ECD61D}.Release|Any CPU.Build.0 = Release|Any CPU
		{08112536-A5FF-4E69-91AF-8D9E9656D72D}.Debug|Any CPU.ActiveCfg = Debug|Any CPU
		{08112536-A5FF-4E69-91AF-8D9E9656D72D}.Debug|Any CPU.Build.0 = Debug|Any CPU
		{08112536-A5FF-4E69-91AF-8D9E9656D72D}.Release|Any CPU.ActiveCfg = Release|Any CPU
		{08112536-A5FF-4E69-91AF-8D9E9656D72D}.Release|Any CPU.Build.0 = Release|Any CPU
		{0AC71B26-12A5-49D1-8BFC-3180DD4C8E61}.Debug|Any CPU.ActiveCfg = Debug|Any CPU
		{0AC71B26-12A5-49D1-8BFC-3180DD4C8E61}.Debug|Any CPU.Build.0 = Debug|Any CPU
		{0AC71B26-12A5-49D1-8BFC-3180DD4C8E61}.Release|Any CPU.ActiveCfg = Release|Any CPU
		{0AC71B26-12A5-49D1-8BFC-3180DD4C8E61}.Release|Any CPU.Build.0 = Release|Any CPU
		{961BBE8D-01F2-4AD7-9FAC-5A8AD1F11EAB}.Debug|Any CPU.ActiveCfg = Debug|Any CPU
		{961BBE8D-01F2-4AD7-9FAC-5A8AD1F11EAB}.Debug|Any CPU.Build.0 = Debug|Any CPU
		{961BBE8D-01F2-4AD7-9FAC-5A8AD1F11EAB}.Release|Any CPU.ActiveCfg = Release|Any CPU
		{961BBE8D-01F2-4AD7-9FAC-5A8AD1F11EAB}.Release|Any CPU.Build.0 = Release|Any CPU
		{954922C0-1D78-414B-8CA6-EA31F57CBE03}.Debug|Any CPU.ActiveCfg = Debug|Any CPU
		{954922C0-1D78-414B-8CA6-EA31F57CBE03}.Debug|Any CPU.Build.0 = Debug|Any CPU
		{954922C0-1D78-414B-8CA6-EA31F57CBE03}.Release|Any CPU.ActiveCfg = Release|Any CPU
		{954922C0-1D78-414B-8CA6-EA31F57CBE03}.Release|Any CPU.Build.0 = Release|Any CPU
		{2B0BA525-1BF3-416A-9C2F-B2578179ECEC}.Debug|Any CPU.ActiveCfg = Debug|Any CPU
		{2B0BA525-1BF3-416A-9C2F-B2578179ECEC}.Debug|Any CPU.Build.0 = Debug|Any CPU
		{2B0BA525-1BF3-416A-9C2F-B2578179ECEC}.Release|Any CPU.ActiveCfg = Release|Any CPU
		{2B0BA525-1BF3-416A-9C2F-B2578179ECEC}.Release|Any CPU.Build.0 = Release|Any CPU
	EndGlobalSection
	GlobalSection(SolutionProperties) = preSolution
		HideSolutionNode = FALSE
	EndGlobalSection
	GlobalSection(NestedProjects) = preSolution
		{3D88D3A1-3F9C-4F20-A7A8-962B1D77DAD2} = {718DB0AD-77B7-4174-942E-B6C31A456104}
		{B7A889A2-9985-4F44-9FE6-8406D3ECD61D} = {749CFCB1-C8C7-42FE-8938-01EEB40C75BC}
		{08112536-A5FF-4E69-91AF-8D9E9656D72D} = {749CFCB1-C8C7-42FE-8938-01EEB40C75BC}
		{0AC71B26-12A5-49D1-8BFC-3180DD4C8E61} = {B65A88A3-9943-4E6E-8C26-8BAA71C11D2C}
		{961BBE8D-01F2-4AD7-9FAC-5A8AD1F11EAB} = {B65A88A3-9943-4E6E-8C26-8BAA71C11D2C}
		{954922C0-1D78-414B-8CA6-EA31F57CBE03} = {8F8B6FD0-C2D0-4EA7-A5B2-CB589F501C7A}
		{2B0BA525-1BF3-416A-9C2F-B2578179ECEC} = {8F8B6FD0-C2D0-4EA7-A5B2-CB589F501C7A}
	EndGlobalSection
EndGlobal
